// !$*UTF8*$!
{
	archiveVersion = 1;
	classes = {
	};
	objectVersion = 46;
	objects = {

/* Begin PBXBuildFile section */
		04190B7A1C943FC2002183D5 /* CalculateInCellController.m in Sources */ = {isa = PBXBuildFile; fileRef = 04190B771C943FC2002183D5 /* CalculateInCellController.m */; };
		04190B7B1C943FC2002183D5 /* TemplateCellController.m in Sources */ = {isa = PBXBuildFile; fileRef = 04190B791C943FC2002183D5 /* TemplateCellController.m */; };
		04190B7E1C94416F002183D5 /* CalculateHeightCell.m in Sources */ = {isa = PBXBuildFile; fileRef = 04190B7D1C94416F002183D5 /* CalculateHeightCell.m */; };
		04DCA0DD1C93ECF600130D09 /* DynamicModel.m in Sources */ = {isa = PBXBuildFile; fileRef = 04DCA0DC1C93ECF600130D09 /* DynamicModel.m */; };
		04DCA0DF1C93ED0B00130D09 /* TestJSONData.json in Resources */ = {isa = PBXBuildFile; fileRef = 04DCA0DE1C93ED0B00130D09 /* TestJSONData.json */; };
		04DCA0E21C93F2E000130D09 /* DynamicTableViewCell.m in Sources */ = {isa = PBXBuildFile; fileRef = 04DCA0E11C93F2E000130D09 /* DynamicTableViewCell.m */; };
		04DCA1161C940B5000130D09 /* LaunchScreen.xib in Resources */ = {isa = PBXBuildFile; fileRef = 04DCA1151C940B5000130D09 /* LaunchScreen.xib */; };
		31E1217DF05299EB26CBBC35 /* libPods.a in Frameworks */ = {isa = PBXBuildFile; fileRef = AFD6CC28AF68B3AEE740DC41 /* libPods.a */; };
		E236F3A21C80394A00DC4F72 /* main.m in Sources */ = {isa = PBXBuildFile; fileRef = E236F3A11C80394A00DC4F72 /* main.m */; };
		E236F3A51C80394A00DC4F72 /* AppDelegate.m in Sources */ = {isa = PBXBuildFile; fileRef = E236F3A41C80394A00DC4F72 /* AppDelegate.m */; };
		E236F3A81C80394A00DC4F72 /* RootViewController.m in Sources */ = {isa = PBXBuildFile; fileRef = E236F3A71C80394A00DC4F72 /* RootViewController.m */; };
		E236F3AB1C80394A00DC4F72 /* Main.storyboard in Resources */ = {isa = PBXBuildFile; fileRef = E236F3A91C80394A00DC4F72 /* Main.storyboard */; };
		E236F3AD1C80394A00DC4F72 /* Assets.xcassets in Resources */ = {isa = PBXBuildFile; fileRef = E236F3AC1C80394A00DC4F72 /* Assets.xcassets */; };
		E23BCC9A1C8FCD60000A58D6 /* HWWeakTimer.m in Sources */ = {isa = PBXBuildFile; fileRef = E23BCC971C8FCD60000A58D6 /* HWWeakTimer.m */; };
		E23BCC9B1C8FCD60000A58D6 /* NSTimer+AFSoundManager.m in Sources */ = {isa = PBXBuildFile; fileRef = E23BCC991C8FCD60000A58D6 /* NSTimer+AFSoundManager.m */; };
		E23BCC9F1C8FCD9D000A58D6 /* CollectionViewController.m in Sources */ = {isa = PBXBuildFile; fileRef = E23BCC9E1C8FCD9D000A58D6 /* CollectionViewController.m */; };
		E23BCCA21C8FCF11000A58D6 /* CollectionViewCell.m in Sources */ = {isa = PBXBuildFile; fileRef = E23BCCA11C8FCF11000A58D6 /* CollectionViewCell.m */; };
		E28ABA011C9119DC002737A2 /* MutiItemTableViewController.m in Sources */ = {isa = PBXBuildFile; fileRef = E28ABA001C9119DC002737A2 /* MutiItemTableViewController.m */; };
		E28ABA041C911F0F002737A2 /* MutiItemTabelViewCell.m in Sources */ = {isa = PBXBuildFile; fileRef = E28ABA031C911F0F002737A2 /* MutiItemTabelViewCell.m */; };
		E28ABA071C91234A002737A2 /* ItemCollectionViewCell.m in Sources */ = {isa = PBXBuildFile; fileRef = E28ABA061C91234A002737A2 /* ItemCollectionViewCell.m */; };
		E28ABA091C912422002737A2 /* atechen.jpg in Resources */ = {isa = PBXBuildFile; fileRef = E28ABA081C912422002737A2 /* atechen.jpg */; };
		E28ABA0B1C912429002737A2 /* wuyanzu.jpg in Resources */ = {isa = PBXBuildFile; fileRef = E28ABA0A1C912429002737A2 /* wuyanzu.jpg */; };
		E28ABA0D1C914F25002737A2 /* kitList.plist in Resources */ = {isa = PBXBuildFile; fileRef = E28ABA0C1C914F25002737A2 /* kitList.plist */; };
		E28ABA111C9164A0002737A2 /* YYFPSLabel.m in Sources */ = {isa = PBXBuildFile; fileRef = E28ABA101C9164A0002737A2 /* YYFPSLabel.m */; };
		E28ABA141C91651C002737A2 /* YYWeakProxy.m in Sources */ = {isa = PBXBuildFile; fileRef = E28ABA131C91651C002737A2 /* YYWeakProxy.m */; };
		E2991C201C929B8100B9953F /* DynamicSelfSizeController.m in Sources */ = {isa = PBXBuildFile; fileRef = E2991C1F1C929B8100B9953F /* DynamicSelfSizeController.m */; };
/* End PBXBuildFile section */

/* Begin PBXFileReference section */
		04190B761C943FC2002183D5 /* CalculateInCellController.h */ = {isa = PBXFileReference; fileEncoding = 4; lastKnownFileType = sourcecode.c.h; name = CalculateInCellController.h; path = ../../../../chkit/CHKit/UITableView/DynamicCellHeight/CalculateInCellController.h; sourceTree = "<group>"; };
		04190B771C943FC2002183D5 /* CalculateInCellController.m */ = {isa = PBXFileReference; fileEncoding = 4; lastKnownFileType = sourcecode.c.objc; name = CalculateInCellController.m; path = ../../../../chkit/CHKit/UITableView/DynamicCellHeight/CalculateInCellController.m; sourceTree = "<group>"; };
		04190B781C943FC2002183D5 /* TemplateCellController.h */ = {isa = PBXFileReference; fileEncoding = 4; lastKnownFileType = sourcecode.c.h; name = TemplateCellController.h; path = ../../../../chkit/CHKit/UITableView/DynamicCellHeight/TemplateCellController.h; sourceTree = "<group>"; };
		04190B791C943FC2002183D5 /* TemplateCellController.m */ = {isa = PBXFileReference; fileEncoding = 4; lastKnownFileType = sourcecode.c.objc; name = TemplateCellController.m; path = ../../../../chkit/CHKit/UITableView/DynamicCellHeight/TemplateCellController.m; sourceTree = "<group>"; };
		04190B7C1C94416F002183D5 /* CalculateHeightCell.h */ = {isa = PBXFileReference; fileEncoding = 4; lastKnownFileType = sourcecode.c.h; path = CalculateHeightCell.h; sourceTree = "<group>"; };
		04190B7D1C94416F002183D5 /* CalculateHeightCell.m */ = {isa = PBXFileReference; fileEncoding = 4; lastKnownFileType = sourcecode.c.objc; path = CalculateHeightCell.m; sourceTree = "<group>"; };
		04DCA0DB1C93ECF600130D09 /* DynamicModel.h */ = {isa = PBXFileReference; fileEncoding = 4; lastKnownFileType = sourcecode.c.h; path = DynamicModel.h; sourceTree = "<group>"; };
		04DCA0DC1C93ECF600130D09 /* DynamicModel.m */ = {isa = PBXFileReference; fileEncoding = 4; lastKnownFileType = sourcecode.c.objc; path = DynamicModel.m; sourceTree = "<group>"; };
		04DCA0DE1C93ED0B00130D09 /* TestJSONData.json */ = {isa = PBXFileReference; fileEncoding = 4; lastKnownFileType = text.json; path = TestJSONData.json; sourceTree = "<group>"; };
		04DCA0E01C93F2E000130D09 /* DynamicTableViewCell.h */ = {isa = PBXFileReference; fileEncoding = 4; lastKnownFileType = sourcecode.c.h; path = DynamicTableViewCell.h; sourceTree = "<group>"; };
		04DCA0E11C93F2E000130D09 /* DynamicTableViewCell.m */ = {isa = PBXFileReference; fileEncoding = 4; lastKnownFileType = sourcecode.c.objc; path = DynamicTableViewCell.m; sourceTree = "<group>"; };
		04DCA1151C940B5000130D09 /* LaunchScreen.xib */ = {isa = PBXFileReference; fileEncoding = 4; lastKnownFileType = file.xib; path = LaunchScreen.xib; sourceTree = "<group>"; };
		17EF2C671BEA7110D0BEF4A7 /* Pods.release.xcconfig */ = {isa = PBXFileReference; includeInIndex = 1; lastKnownFileType = text.xcconfig; name = Pods.release.xcconfig; path = "Pods/Target Support Files/Pods/Pods.release.xcconfig"; sourceTree = "<group>"; };
		6246A5C502CF7412A0D69DF4 /* Pods.debug.xcconfig */ = {isa = PBXFileReference; includeInIndex = 1; lastKnownFileType = text.xcconfig; name = Pods.debug.xcconfig; path = "Pods/Target Support Files/Pods/Pods.debug.xcconfig"; sourceTree = "<group>"; };
		AFD6CC28AF68B3AEE740DC41 /* libPods.a */ = {isa = PBXFileReference; explicitFileType = archive.ar; includeInIndex = 0; path = libPods.a; sourceTree = BUILT_PRODUCTS_DIR; };
		E236F39D1C80394A00DC4F72 /* CHKit.app */ = {isa = PBXFileReference; explicitFileType = wrapper.application; includeInIndex = 0; path = CHKit.app; sourceTree = BUILT_PRODUCTS_DIR; };
		E236F3A11C80394A00DC4F72 /* main.m */ = {isa = PBXFileReference; lastKnownFileType = sourcecode.c.objc; path = main.m; sourceTree = "<group>"; };
		E236F3A31C80394A00DC4F72 /* AppDelegate.h */ = {isa = PBXFileReference; lastKnownFileType = sourcecode.c.h; path = AppDelegate.h; sourceTree = "<group>"; };
		E236F3A41C80394A00DC4F72 /* AppDelegate.m */ = {isa = PBXFileReference; lastKnownFileType = sourcecode.c.objc; path = AppDelegate.m; sourceTree = "<group>"; };
		E236F3A61C80394A00DC4F72 /* RootViewController.h */ = {isa = PBXFileReference; lastKnownFileType = sourcecode.c.h; path = RootViewController.h; sourceTree = "<group>"; };
		E236F3A71C80394A00DC4F72 /* RootViewController.m */ = {isa = PBXFileReference; lastKnownFileType = sourcecode.c.objc; path = RootViewController.m; sourceTree = "<group>"; };
		E236F3AA1C80394A00DC4F72 /* Base */ = {isa = PBXFileReference; lastKnownFileType = file.storyboard; name = Base; path = Base.lproj/Main.storyboard; sourceTree = "<group>"; };
		E236F3AC1C80394A00DC4F72 /* Assets.xcassets */ = {isa = PBXFileReference; lastKnownFileType = folder.assetcatalog; path = Assets.xcassets; sourceTree = "<group>"; };
		E236F3B11C80394A00DC4F72 /* Info.plist */ = {isa = PBXFileReference; lastKnownFileType = text.plist.xml; path = Info.plist; sourceTree = "<group>"; };
		E23BCC961C8FCD60000A58D6 /* HWWeakTimer.h */ = {isa = PBXFileReference; fileEncoding = 4; lastKnownFileType = sourcecode.c.h; path = HWWeakTimer.h; sourceTree = "<group>"; };
		E23BCC971C8FCD60000A58D6 /* HWWeakTimer.m */ = {isa = PBXFileReference; fileEncoding = 4; lastKnownFileType = sourcecode.c.objc; path = HWWeakTimer.m; sourceTree = "<group>"; };
		E23BCC981C8FCD60000A58D6 /* NSTimer+AFSoundManager.h */ = {isa = PBXFileReference; fileEncoding = 4; lastKnownFileType = sourcecode.c.h; path = "NSTimer+AFSoundManager.h"; sourceTree = "<group>"; };
		E23BCC991C8FCD60000A58D6 /* NSTimer+AFSoundManager.m */ = {isa = PBXFileReference; fileEncoding = 4; lastKnownFileType = sourcecode.c.objc; path = "NSTimer+AFSoundManager.m"; sourceTree = "<group>"; };
		E23BCC9D1C8FCD9D000A58D6 /* CollectionViewController.h */ = {isa = PBXFileReference; fileEncoding = 4; lastKnownFileType = sourcecode.c.h; path = CollectionViewController.h; sourceTree = "<group>"; };
		E23BCC9E1C8FCD9D000A58D6 /* CollectionViewController.m */ = {isa = PBXFileReference; fileEncoding = 4; lastKnownFileType = sourcecode.c.objc; path = CollectionViewController.m; sourceTree = "<group>"; };
		E23BCCA01C8FCF11000A58D6 /* CollectionViewCell.h */ = {isa = PBXFileReference; fileEncoding = 4; lastKnownFileType = sourcecode.c.h; path = CollectionViewCell.h; sourceTree = "<group>"; };
		E23BCCA11C8FCF11000A58D6 /* CollectionViewCell.m */ = {isa = PBXFileReference; fileEncoding = 4; lastKnownFileType = sourcecode.c.objc; path = CollectionViewCell.m; sourceTree = "<group>"; };
		E23BCCA31C8FD5AA000A58D6 /* CHKitPrefix.pch */ = {isa = PBXFileReference; lastKnownFileType = sourcecode.c.h; path = CHKitPrefix.pch; sourceTree = "<group>"; };
		E28AB9FF1C9119DC002737A2 /* MutiItemTableViewController.h */ = {isa = PBXFileReference; fileEncoding = 4; lastKnownFileType = sourcecode.c.h; path = MutiItemTableViewController.h; sourceTree = "<group>"; };
		E28ABA001C9119DC002737A2 /* MutiItemTableViewController.m */ = {isa = PBXFileReference; fileEncoding = 4; lastKnownFileType = sourcecode.c.objc; path = MutiItemTableViewController.m; sourceTree = "<group>"; };
		E28ABA021C911F0F002737A2 /* MutiItemTabelViewCell.h */ = {isa = PBXFileReference; fileEncoding = 4; lastKnownFileType = sourcecode.c.h; path = MutiItemTabelViewCell.h; sourceTree = "<group>"; };
		E28ABA031C911F0F002737A2 /* MutiItemTabelViewCell.m */ = {isa = PBXFileReference; fileEncoding = 4; lastKnownFileType = sourcecode.c.objc; path = MutiItemTabelViewCell.m; sourceTree = "<group>"; };
		E28ABA051C91234A002737A2 /* ItemCollectionViewCell.h */ = {isa = PBXFileReference; fileEncoding = 4; lastKnownFileType = sourcecode.c.h; path = ItemCollectionViewCell.h; sourceTree = "<group>"; };
		E28ABA061C91234A002737A2 /* ItemCollectionViewCell.m */ = {isa = PBXFileReference; fileEncoding = 4; lastKnownFileType = sourcecode.c.objc; path = ItemCollectionViewCell.m; sourceTree = "<group>"; };
		E28ABA081C912422002737A2 /* atechen.jpg */ = {isa = PBXFileReference; lastKnownFileType = image.jpeg; path = atechen.jpg; sourceTree = "<group>"; };
		E28ABA0A1C912429002737A2 /* wuyanzu.jpg */ = {isa = PBXFileReference; lastKnownFileType = image.jpeg; path = wuyanzu.jpg; sourceTree = "<group>"; };
		E28ABA0C1C914F25002737A2 /* kitList.plist */ = {isa = PBXFileReference; fileEncoding = 4; lastKnownFileType = text.plist.xml; path = kitList.plist; sourceTree = "<group>"; };
		E28ABA0F1C9164A0002737A2 /* YYFPSLabel.h */ = {isa = PBXFileReference; fileEncoding = 4; lastKnownFileType = sourcecode.c.h; path = YYFPSLabel.h; sourceTree = "<group>"; };
		E28ABA101C9164A0002737A2 /* YYFPSLabel.m */ = {isa = PBXFileReference; fileEncoding = 4; lastKnownFileType = sourcecode.c.objc; path = YYFPSLabel.m; sourceTree = "<group>"; };
		E28ABA121C91651C002737A2 /* YYWeakProxy.h */ = {isa = PBXFileReference; fileEncoding = 4; lastKnownFileType = sourcecode.c.h; path = YYWeakProxy.h; sourceTree = "<group>"; };
		E28ABA131C91651C002737A2 /* YYWeakProxy.m */ = {isa = PBXFileReference; fileEncoding = 4; lastKnownFileType = sourcecode.c.objc; path = YYWeakProxy.m; sourceTree = "<group>"; };
		E2991C1E1C929B8100B9953F /* DynamicSelfSizeController.h */ = {isa = PBXFileReference; fileEncoding = 4; lastKnownFileType = sourcecode.c.h; path = DynamicSelfSizeController.h; sourceTree = "<group>"; };
		E2991C1F1C929B8100B9953F /* DynamicSelfSizeController.m */ = {isa = PBXFileReference; fileEncoding = 4; lastKnownFileType = sourcecode.c.objc; path = DynamicSelfSizeController.m; sourceTree = "<group>"; };
/* End PBXFileReference section */

/* Begin PBXFrameworksBuildPhase section */
		E236F39A1C80394A00DC4F72 /* Frameworks */ = {
			isa = PBXFrameworksBuildPhase;
			buildActionMask = 2147483647;
			files = (
				31E1217DF05299EB26CBBC35 /* libPods.a in Frameworks */,
			);
			runOnlyForDeploymentPostprocessing = 0;
		};
/* End PBXFrameworksBuildPhase section */

/* Begin PBXGroup section */
		56A700E5EA1246E6C23AB04F /* Pods */ = {
			isa = PBXGroup;
			children = (
				6246A5C502CF7412A0D69DF4 /* Pods.debug.xcconfig */,
				17EF2C671BEA7110D0BEF4A7 /* Pods.release.xcconfig */,
			);
			name = Pods;
			sourceTree = "<group>";
		};
		E236F3941C80394A00DC4F72 = {
			isa = PBXGroup;
			children = (
				E236F39F1C80394A00DC4F72 /* CHKit */,
				E236F39E1C80394A00DC4F72 /* Products */,
				56A700E5EA1246E6C23AB04F /* Pods */,
				EF80F85E38BEF381FFE2F6BA /* Frameworks */,
			);
			sourceTree = "<group>";
		};
		E236F39E1C80394A00DC4F72 /* Products */ = {
			isa = PBXGroup;
			children = (
				E236F39D1C80394A00DC4F72 /* CHKit.app */,
			);
			name = Products;
			sourceTree = "<group>";
		};
		E236F39F1C80394A00DC4F72 /* CHKit */ = {
			isa = PBXGroup;
			children = (
				E236F3A31C80394A00DC4F72 /* AppDelegate.h */,
				E236F3A41C80394A00DC4F72 /* AppDelegate.m */,
				E236F3A61C80394A00DC4F72 /* RootViewController.h */,
				E236F3A71C80394A00DC4F72 /* RootViewController.m */,
				E28ABA0C1C914F25002737A2 /* kitList.plist */,
				E236F3A91C80394A00DC4F72 /* Main.storyboard */,
				E28ABA0E1C916499002737A2 /* Vender */,
				E28AB9FD1C911823002737A2 /* UITableView */,
				E23BCC9C1C8FCD7A000A58D6 /* UICollection */,
				E23BCC941C8FCD60000A58D6 /* NSTimer */,
				E236F3AC1C80394A00DC4F72 /* Assets.xcassets */,
				E236F3B11C80394A00DC4F72 /* Info.plist */,
				04DCA1151C940B5000130D09 /* LaunchScreen.xib */,
				E236F3A01C80394A00DC4F72 /* Supporting Files */,
			);
			path = CHKit;
			sourceTree = "<group>";
		};
		E236F3A01C80394A00DC4F72 /* Supporting Files */ = {
			isa = PBXGroup;
			children = (
				E28ABA081C912422002737A2 /* atechen.jpg */,
				E236F3A11C80394A00DC4F72 /* main.m */,
				E23BCCA31C8FD5AA000A58D6 /* CHKitPrefix.pch */,
			);
			name = "Supporting Files";
			sourceTree = "<group>";
		};
		E23BCC941C8FCD60000A58D6 /* NSTimer */ = {
			isa = PBXGroup;
			children = (
				E23BCC951C8FCD60000A58D6 /* ReleaseTarget */,
			);
			path = NSTimer;
			sourceTree = "<group>";
		};
		E23BCC951C8FCD60000A58D6 /* ReleaseTarget */ = {
			isa = PBXGroup;
			children = (
				E23BCC961C8FCD60000A58D6 /* HWWeakTimer.h */,
				E23BCC971C8FCD60000A58D6 /* HWWeakTimer.m */,
				E23BCC981C8FCD60000A58D6 /* NSTimer+AFSoundManager.h */,
				E23BCC991C8FCD60000A58D6 /* NSTimer+AFSoundManager.m */,
			);
			path = ReleaseTarget;
			sourceTree = "<group>";
		};
		E23BCC9C1C8FCD7A000A58D6 /* UICollection */ = {
			isa = PBXGroup;
			children = (
				E23BCC9D1C8FCD9D000A58D6 /* CollectionViewController.h */,
				E23BCC9E1C8FCD9D000A58D6 /* CollectionViewController.m */,
				E23BCCA01C8FCF11000A58D6 /* CollectionViewCell.h */,
				E23BCCA11C8FCF11000A58D6 /* CollectionViewCell.m */,
			);
			path = UICollection;
			sourceTree = "<group>";
		};
		E28AB9FD1C911823002737A2 /* UITableView */ = {
			isa = PBXGroup;
			children = (
				E2991C1D1C929B2E00B9953F /* DynamicCellHeight */,
				E28AB9FE1C911823002737A2 /* MultiItemOnCell */,
			);
			path = UITableView;
			sourceTree = "<group>";
		};
		E28AB9FE1C911823002737A2 /* MultiItemOnCell */ = {
			isa = PBXGroup;
			children = (
				E28AB9FF1C9119DC002737A2 /* MutiItemTableViewController.h */,
				E28ABA001C9119DC002737A2 /* MutiItemTableViewController.m */,
				E28ABA021C911F0F002737A2 /* MutiItemTabelViewCell.h */,
				E28ABA031C911F0F002737A2 /* MutiItemTabelViewCell.m */,
				E28ABA051C91234A002737A2 /* ItemCollectionViewCell.h */,
				E28ABA061C91234A002737A2 /* ItemCollectionViewCell.m */,
				E28ABA0A1C912429002737A2 /* wuyanzu.jpg */,
			);
			path = MultiItemOnCell;
			sourceTree = "<group>";
		};
		E28ABA0E1C916499002737A2 /* Vender */ = {
			isa = PBXGroup;
			children = (
				E28ABA0F1C9164A0002737A2 /* YYFPSLabel.h */,
				E28ABA101C9164A0002737A2 /* YYFPSLabel.m */,
				E28ABA121C91651C002737A2 /* YYWeakProxy.h */,
				E28ABA131C91651C002737A2 /* YYWeakProxy.m */,
			);
			path = Vender;
			sourceTree = "<group>";
		};
		E2991C1D1C929B2E00B9953F /* DynamicCellHeight */ = {
			isa = PBXGroup;
			children = (
				E2991C1E1C929B8100B9953F /* DynamicSelfSizeController.h */,
				E2991C1F1C929B8100B9953F /* DynamicSelfSizeController.m */,
				04190B761C943FC2002183D5 /* CalculateInCellController.h */,
				04190B771C943FC2002183D5 /* CalculateInCellController.m */,
				04190B781C943FC2002183D5 /* TemplateCellController.h */,
				04190B791C943FC2002183D5 /* TemplateCellController.m */,
				04DCA0E01C93F2E000130D09 /* DynamicTableViewCell.h */,
				04DCA0E11C93F2E000130D09 /* DynamicTableViewCell.m */,
				04190B7C1C94416F002183D5 /* CalculateHeightCell.h */,
				04190B7D1C94416F002183D5 /* CalculateHeightCell.m */,
				04DCA0DB1C93ECF600130D09 /* DynamicModel.h */,
				04DCA0DC1C93ECF600130D09 /* DynamicModel.m */,
				04DCA0DE1C93ED0B00130D09 /* TestJSONData.json */,
			);
			path = DynamicCellHeight;
			sourceTree = "<group>";
		};
		EF80F85E38BEF381FFE2F6BA /* Frameworks */ = {
			isa = PBXGroup;
			children = (
				AFD6CC28AF68B3AEE740DC41 /* libPods.a */,
			);
			name = Frameworks;
			sourceTree = "<group>";
		};
/* End PBXGroup section */

/* Begin PBXNativeTarget section */
		E236F39C1C80394A00DC4F72 /* CHKit */ = {
			isa = PBXNativeTarget;
			buildConfigurationList = E236F3B41C80394A00DC4F72 /* Build configuration list for PBXNativeTarget "CHKit" */;
			buildPhases = (
				D4C964EFE1120F828D08865B /* Check Pods Manifest.lock */,
				E236F3991C80394A00DC4F72 /* Sources */,
				E236F39A1C80394A00DC4F72 /* Frameworks */,
				E236F39B1C80394A00DC4F72 /* Resources */,
				A4AF443F7471AC756E0655C9 /* Embed Pods Frameworks */,
				6EAB4CD63BCC5B926FB7473F /* Copy Pods Resources */,
			);
			buildRules = (
			);
			dependencies = (
			);
			name = CHKit;
			productName = CHKit;
			productReference = E236F39D1C80394A00DC4F72 /* CHKit.app */;
			productType = "com.apple.product-type.application";
		};
/* End PBXNativeTarget section */

/* Begin PBXProject section */
		E236F3951C80394A00DC4F72 /* Project object */ = {
			isa = PBXProject;
			attributes = {
				LastUpgradeCheck = 0710;
				ORGANIZATIONNAME = atechen;
				TargetAttributes = {
					E236F39C1C80394A00DC4F72 = {
						CreatedOnToolsVersion = 7.1;
					};
				};
			};
			buildConfigurationList = E236F3981C80394A00DC4F72 /* Build configuration list for PBXProject "CHKit" */;
			compatibilityVersion = "Xcode 3.2";
			developmentRegion = English;
			hasScannedForEncodings = 0;
			knownRegions = (
				en,
				Base,
			);
			mainGroup = E236F3941C80394A00DC4F72;
			productRefGroup = E236F39E1C80394A00DC4F72 /* Products */;
			projectDirPath = "";
			projectRoot = "";
			targets = (
				E236F39C1C80394A00DC4F72 /* CHKit */,
			);
		};
/* End PBXProject section */

/* Begin PBXResourcesBuildPhase section */
		E236F39B1C80394A00DC4F72 /* Resources */ = {
			isa = PBXResourcesBuildPhase;
			buildActionMask = 2147483647;
			files = (
				E28ABA0D1C914F25002737A2 /* kitList.plist in Resources */,
				E28ABA0B1C912429002737A2 /* wuyanzu.jpg in Resources */,
				E236F3AD1C80394A00DC4F72 /* Assets.xcassets in Resources */,
				04DCA1161C940B5000130D09 /* LaunchScreen.xib in Resources */,
				E28ABA091C912422002737A2 /* atechen.jpg in Resources */,
				E236F3AB1C80394A00DC4F72 /* Main.storyboard in Resources */,
				04DCA0DF1C93ED0B00130D09 /* TestJSONData.json in Resources */,
			);
			runOnlyForDeploymentPostprocessing = 0;
		};
/* End PBXResourcesBuildPhase section */

/* Begin PBXShellScriptBuildPhase section */
		6EAB4CD63BCC5B926FB7473F /* Copy Pods Resources */ = {
			isa = PBXShellScriptBuildPhase;
			buildActionMask = 2147483647;
			files = (
			);
			inputPaths = (
			);
			name = "Copy Pods Resources";
			outputPaths = (
			);
			runOnlyForDeploymentPostprocessing = 0;
			shellPath = /bin/sh;
			shellScript = "\"${SRCROOT}/Pods/Target Support Files/Pods/Pods-resources.sh\"\n";
			showEnvVarsInLog = 0;
		};
		A4AF443F7471AC756E0655C9 /* Embed Pods Frameworks */ = {
			isa = PBXShellScriptBuildPhase;
			buildActionMask = 2147483647;
			files = (
			);
			inputPaths = (
			);
			name = "Embed Pods Frameworks";
			outputPaths = (
			);
			runOnlyForDeploymentPostprocessing = 0;
			shellPath = /bin/sh;
			shellScript = "\"${SRCROOT}/Pods/Target Support Files/Pods/Pods-frameworks.sh\"\n";
			showEnvVarsInLog = 0;
		};
		D4C964EFE1120F828D08865B /* Check Pods Manifest.lock */ = {
			isa = PBXShellScriptBuildPhase;
			buildActionMask = 2147483647;
			files = (
			);
			inputPaths = (
			);
			name = "Check Pods Manifest.lock";
			outputPaths = (
			);
			runOnlyForDeploymentPostprocessing = 0;
			shellPath = /bin/sh;
			shellScript = "diff \"${PODS_ROOT}/../Podfile.lock\" \"${PODS_ROOT}/Manifest.lock\" > /dev/null\nif [[ $? != 0 ]] ; then\n    cat << EOM\nerror: The sandbox is not in sync with the Podfile.lock. Run 'pod install' or update your CocoaPods installation.\nEOM\n    exit 1\nfi\n";
			showEnvVarsInLog = 0;
		};
/* End PBXShellScriptBuildPhase section */

/* Begin PBXSourcesBuildPhase section */
		E236F3991C80394A00DC4F72 /* Sources */ = {
			isa = PBXSourcesBuildPhase;
			buildActionMask = 2147483647;
			files = (
				E2991C201C929B8100B9953F /* DynamicSelfSizeController.m in Sources */,
				E28ABA041C911F0F002737A2 /* MutiItemTabelViewCell.m in Sources */,
				E23BCC9A1C8FCD60000A58D6 /* HWWeakTimer.m in Sources */,
				04DCA0E21C93F2E000130D09 /* DynamicTableViewCell.m in Sources */,
				E236F3A81C80394A00DC4F72 /* RootViewController.m in Sources */,
				E28ABA111C9164A0002737A2 /* YYFPSLabel.m in Sources */,
				E23BCC9F1C8FCD9D000A58D6 /* CollectionViewController.m in Sources */,
				E23BCC9B1C8FCD60000A58D6 /* NSTimer+AFSoundManager.m in Sources */,
				E28ABA071C91234A002737A2 /* ItemCollectionViewCell.m in Sources */,
				E236F3A51C80394A00DC4F72 /* AppDelegate.m in Sources */,
				04DCA0DD1C93ECF600130D09 /* DynamicModel.m in Sources */,
				04190B7B1C943FC2002183D5 /* TemplateCellController.m in Sources */,
				E28ABA141C91651C002737A2 /* YYWeakProxy.m in Sources */,
				04190B7E1C94416F002183D5 /* CalculateHeightCell.m in Sources */,
				E28ABA011C9119DC002737A2 /* MutiItemTableViewController.m in Sources */,
				E23BCCA21C8FCF11000A58D6 /* CollectionViewCell.m in Sources */,
				E236F3A21C80394A00DC4F72 /* main.m in Sources */,
				04190B7A1C943FC2002183D5 /* CalculateInCellController.m in Sources */,
			);
			runOnlyForDeploymentPostprocessing = 0;
		};
/* End PBXSourcesBuildPhase section */

/* Begin PBXVariantGroup section */
		E236F3A91C80394A00DC4F72 /* Main.storyboard */ = {
			isa = PBXVariantGroup;
			children = (
				E236F3AA1C80394A00DC4F72 /* Base */,
			);
			name = Main.storyboard;
			sourceTree = "<group>";
		};
/* End PBXVariantGroup section */

/* Begin XCBuildConfiguration section */
		E236F3B21C80394A00DC4F72 /* Debug */ = {
			isa = XCBuildConfiguration;
			buildSettings = {
				ALWAYS_SEARCH_USER_PATHS = NO;
				CLANG_CXX_LANGUAGE_STANDARD = "gnu++0x";
				CLANG_CXX_LIBRARY = "libc++";
				CLANG_ENABLE_MODULES = YES;
				CLANG_ENABLE_OBJC_ARC = YES;
				CLANG_WARN_BOOL_CONVERSION = YES;
				CLANG_WARN_CONSTANT_CONVERSION = YES;
				CLANG_WARN_DIRECT_OBJC_ISA_USAGE = YES_ERROR;
				CLANG_WARN_EMPTY_BODY = YES;
				CLANG_WARN_ENUM_CONVERSION = YES;
				CLANG_WARN_INT_CONVERSION = YES;
				CLANG_WARN_OBJC_ROOT_CLASS = YES_ERROR;
				CLANG_WARN_UNREACHABLE_CODE = YES;
				CLANG_WARN__DUPLICATE_METHOD_MATCH = YES;
				"CODE_SIGN_IDENTITY[sdk=iphoneos*]" = "iPhone Developer";
				COPY_PHASE_STRIP = NO;
				DEBUG_INFORMATION_FORMAT = dwarf;
				ENABLE_STRICT_OBJC_MSGSEND = YES;
				ENABLE_TESTABILITY = YES;
				GCC_C_LANGUAGE_STANDARD = gnu99;
				GCC_DYNAMIC_NO_PIC = NO;
				GCC_NO_COMMON_BLOCKS = YES;
				GCC_OPTIMIZATION_LEVEL = 0;
				GCC_PREPROCESSOR_DEFINITIONS = (
					"DEBUG=1",
					"$(inherited)",
				);
				GCC_WARN_64_TO_32_BIT_CONVERSION = YES;
				GCC_WARN_ABOUT_RETURN_TYPE = YES_ERROR;
				GCC_WARN_UNDECLARED_SELECTOR = YES;
				GCC_WARN_UNINITIALIZED_AUTOS = YES_AGGRESSIVE;
				GCC_WARN_UNUSED_FUNCTION = YES;
				GCC_WARN_UNUSED_VARIABLE = YES;
				IPHONEOS_DEPLOYMENT_TARGET = 9.1;
				MTL_ENABLE_DEBUG_INFO = YES;
				ONLY_ACTIVE_ARCH = YES;
				SDKROOT = iphoneos;
			};
			name = Debug;
		};
		E236F3B31C80394A00DC4F72 /* Release */ = {
			isa = XCBuildConfiguration;
			buildSettings = {
				ALWAYS_SEARCH_USER_PATHS = NO;
				CLANG_CXX_LANGUAGE_STANDARD = "gnu++0x";
				CLANG_CXX_LIBRARY = "libc++";
				CLANG_ENABLE_MODULES = YES;
				CLANG_ENABLE_OBJC_ARC = YES;
				CLANG_WARN_BOOL_CONVERSION = YES;
				CLANG_WARN_CONSTANT_CONVERSION = YES;
				CLANG_WARN_DIRECT_OBJC_ISA_USAGE = YES_ERROR;
				CLANG_WARN_EMPTY_BODY = YES;
				CLANG_WARN_ENUM_CONVERSION = YES;
				CLANG_WARN_INT_CONVERSION = YES;
				CLANG_WARN_OBJC_ROOT_CLASS = YES_ERROR;
				CLANG_WARN_UNREACHABLE_CODE = YES;
				CLANG_WARN__DUPLICATE_METHOD_MATCH = YES;
				"CODE_SIGN_IDENTITY[sdk=iphoneos*]" = "iPhone Developer";
				COPY_PHASE_STRIP = NO;
				DEBUG_INFORMATION_FORMAT = "dwarf-with-dsym";
				ENABLE_NS_ASSERTIONS = NO;
				ENABLE_STRICT_OBJC_MSGSEND = YES;
				GCC_C_LANGUAGE_STANDARD = gnu99;
				GCC_NO_COMMON_BLOCKS = YES;
				GCC_WARN_64_TO_32_BIT_CONVERSION = YES;
				GCC_WARN_ABOUT_RETURN_TYPE = YES_ERROR;
				GCC_WARN_UNDECLARED_SELECTOR = YES;
				GCC_WARN_UNINITIALIZED_AUTOS = YES_AGGRESSIVE;
				GCC_WARN_UNUSED_FUNCTION = YES;
				GCC_WARN_UNUSED_VARIABLE = YES;
				IPHONEOS_DEPLOYMENT_TARGET = 9.1;
				MTL_ENABLE_DEBUG_INFO = NO;
				SDKROOT = iphoneos;
				VALIDATE_PRODUCT = YES;
			};
			name = Release;
		};
		E236F3B51C80394A00DC4F72 /* Debug */ = {
			isa = XCBuildConfiguration;
			baseConfigurationReference = 6246A5C502CF7412A0D69DF4 /* Pods.debug.xcconfig */;
			buildSettings = {
				ASSETCATALOG_COMPILER_APPICON_NAME = AppIcon;
				CODE_SIGN_IDENTITY = "iPhone Developer: jian zhou (F457QGMKNV)";
				GCC_PREFIX_HEADER = CHKit/CHKitPrefix.pch;
				INFOPLIST_FILE = CHKit/Info.plist;
				IPHONEOS_DEPLOYMENT_TARGET = 7.0;
				LD_RUNPATH_SEARCH_PATHS = "$(inherited) @executable_path/Frameworks";
				PRODUCT_BUNDLE_IDENTIFIER = com.atechen.CHKit;
				PRODUCT_NAME = "$(TARGET_NAME)";
				PROVISIONING_PROFILE = "aced70a4-19ea-4671-ab46-7bc49c2c9367";
			};
			name = Debug;
		};
		E236F3B61C80394A00DC4F72 /* Release */ = {
			isa = XCBuildConfiguration;
			baseConfigurationReference = 17EF2C671BEA7110D0BEF4A7 /* Pods.release.xcconfig */;
			buildSettings = {
				ASSETCATALOG_COMPILER_APPICON_NAME = AppIcon;
				CODE_SIGN_IDENTITY = "iPhone Developer: jian zhou (F457QGMKNV)";
				GCC_PREFIX_HEADER = CHKit/CHKitPrefix.pch;
				INFOPLIST_FILE = CHKit/Info.plist;
				IPHONEOS_DEPLOYMENT_TARGET = 7.0;
				LD_RUNPATH_SEARCH_PATHS = "$(inherited) @executable_path/Frameworks";
				PRODUCT_BUNDLE_IDENTIFIER = com.atechen.CHKit;
				PRODUCT_NAME = "$(TARGET_NAME)";
				PROVISIONING_PROFILE = "aced70a4-19ea-4671-ab46-7bc49c2c9367";
			};
			name = Release;
		};
/* End XCBuildConfiguration section */

/* Begin XCConfigurationList section */
		E236F3981C80394A00DC4F72 /* Build configuration list for PBXProject "CHKit" */ = {
			isa = XCConfigurationList;
			buildConfigurations = (
				E236F3B21C80394A00DC4F72 /* Debug */,
				E236F3B31C80394A00DC4F72 /* Release */,
			);
			defaultConfigurationIsVisible = 0;
			defaultConfigurationName = Release;
		};
		E236F3B41C80394A00DC4F72 /* Build configuration list for PBXNativeTarget "CHKit" */ = {
			isa = XCConfigurationList;
			buildConfigurations = (
				E236F3B51C80394A00DC4F72 /* Debug */,
				E236F3B61C80394A00DC4F72 /* Release */,
			);
			defaultConfigurationIsVisible = 0;
			defaultConfigurationName = Release;
		};
/* End XCConfigurationList section */
	};
	rootObject = E236F3951C80394A00DC4F72 /* Project object */;
}
